
Microsoft Visual Studio Solution File, Format Version 12.00
# Visual Studio Version 17
VisualStudioVersion = 17.4.33205.214
MinimumVisualStudioVersion = 10.0.40219.1
Project("{9A19103F-16F7-4668-BE54-9A1E7A4F7556}") = "Elzik.FmSync.Worker", "src\Elzik.FmSync.Worker\Elzik.FmSync.Worker.csproj", "{1035A230-3923-494E-A01A-C41670922EE9}"
EndProject
Project("{9A19103F-16F7-4668-BE54-9A1E7A4F7556}") = "Elzik.FmSync.Infrastructure", "Elzik.FmSync.Infrastructure\Elzik.FmSync.Infrastructure.csproj", "{711E6B27-BD04-4135-9820-41822EFF6017}"
EndProject
Global
	GlobalSection(SolutionConfigurationPlatforms) = preSolution
		Debug|Any CPU = Debug|Any CPU
		Release|Any CPU = Release|Any CPU
	EndGlobalSection
	GlobalSection(ProjectConfigurationPlatforms) = postSolution
		{1035A230-3923-494E-A01A-C41670922EE9}.Debug|Any CPU.ActiveCfg = Debug|Any CPU
		{1035A230-3923-494E-A01A-C41670922EE9}.Debug|Any CPU.Build.0 = Debug|Any CPU
		{1035A230-3923-494E-A01A-C41670922EE9}.Release|Any CPU.ActiveCfg = Release|Any CPU
		{1035A230-3923-494E-A01A-C41670922EE9}.Release|Any CPU.Build.0 = Release|Any CPU
		{711E6B27-BD04-4135-9820-41822EFF6017}.Debug|Any CPU.ActiveCfg = Debug|Any CPU
		{711E6B27-BD04-4135-9820-41822EFF6017}.Debug|Any CPU.Build.0 = Debug|Any CPU
		{711E6B27-BD04-4135-9820-41822EFF6017}.Release|Any CPU.ActiveCfg = Release|Any CPU
		{711E6B27-BD04-4135-9820-41822EFF6017}.Release|Any CPU.Build.0 = Release|Any CPU
	EndGlobalSection
	GlobalSection(SolutionProperties) = preSolution
		HideSolutionNode = FALSE
	EndGlobalSection
	GlobalSection(ExtensibilityGlobals) = postSolution
		SolutionGuid = {87997352-098C-46F7-8BDC-29A370A780DB}
	EndGlobalSection
EndGlobal
