
Microsoft Visual Studio Solution File, Format Version 12.00
# Visual Studio Version 17
VisualStudioVersion = 17.4.33205.214
MinimumVisualStudioVersion = 10.0.40219.1
Project("{9A19103F-16F7-4668-BE54-9A1E7A4F7556}") = "Elzik.FmSync.Worker", "src\Elzik.FmSync.Worker\Elzik.FmSync.Worker.csproj", "{1035A230-3923-494E-A01A-C41670922EE9}"
EndProject
Project("{9A19103F-16F7-4668-BE54-9A1E7A4F7556}") = "Elzik.FmSync.Console", "src\Elzik.FmSync.Console\Elzik.FmSync.Console.csproj", "{8313B3C5-6FF8-449E-B3DE-6304BAACD62C}"
EndProject
Project("{9A19103F-16F7-4668-BE54-9A1E7A4F7556}") = "Elzik.FmSync.Application", "src\Elzik.FmSync.Application\Elzik.FmSync.Application.csproj", "{FF4D804A-C032-4E93-92A0-14580AA7D0CE}"
EndProject
Project("{2150E333-8FDC-42A3-9474-1A3956D46DE8}") = "Tests", "Tests", "{CF17A395-4536-42A5-B10B-D2D8EC602BC3}"
EndProject
Project("{9A19103F-16F7-4668-BE54-9A1E7A4F7556}") = "Elzik.FmSync.Infrastructure", "src\Elzik.FmSync.Infrastructure\Elzik.FmSync.Infrastructure.csproj", "{7A787CA3-E960-4FC2-8703-D0E0031EED46}"
EndProject
Project("{9A19103F-16F7-4668-BE54-9A1E7A4F7556}") = "Elzik.FmSync.Domain", "src\Elzik.FmSync.Domain\Elzik.FmSync.Domain.csproj", "{5DB426BF-24B5-4E04-A593-A803FE5DC304}"
EndProject
Project("{9A19103F-16F7-4668-BE54-9A1E7A4F7556}") = "Elzik.FmSync.Infrastructure.Tests.Integration", "tests\Elzik.FmSync.Infrastructure.Tests.Integration\Elzik.FmSync.Infrastructure.Tests.Integration.csproj", "{1367919E-184E-4550-B8BB-ECB37C056594}"
EndProject
Project("{9A19103F-16F7-4668-BE54-9A1E7A4F7556}") = "Elzik.FmSync.Application.Tests.Unit", "tests\Elzik.FmSync.Application.Tests.Unit\Elzik.FmSync.Application.Tests.Unit.csproj", "{A3BB6C79-4D8F-4515-92B5-F169F929AF94}"
EndProject
Project("{2150E333-8FDC-42A3-9474-1A3956D46DE8}") = "Solution Items", "Solution Items", "{6839B032-FEC5-4978-A064-BD18FB683118}"
	ProjectSection(SolutionItems) = preProject
		README.md = README.md
	EndProjectSection
EndProject
Project("{2150E333-8FDC-42A3-9474-1A3956D46DE8}") = "Build", "Build", "{0FE56BA0-BDDF-4291-9BDD-A6D512610FAE}"
	ProjectSection(SolutionItems) = preProject
		Build\build-and-test.ps1 = Build\build-and-test.ps1
		Build\build-windows-installer.ps1 = Build\build-windows-installer.ps1
		Build\local-pipeline.ps1 = Build\local-pipeline.ps1
	EndProjectSection
EndProject
Project("{2150E333-8FDC-42A3-9474-1A3956D46DE8}") = "Installer", "Installer", "{069FD2C8-3AFB-4D61-A19A-3257331FC223}"
EndProject
Project("{B7DD6F7E-DEF8-4E67-B5B7-07EF123DB6F0}") = "Elzik.FmSync.WindowsInstaller", "Installer\Elzik.FmSync.WindowsInstaller\Elzik.FmSync.WindowsInstaller.wixproj", "{534679A3-D29B-4D63-882B-C09F4D0EA8CB}"
EndProject
Global
	GlobalSection(SolutionConfigurationPlatforms) = preSolution
		Debug|Any CPU = Debug|Any CPU
		Debug|ARM64 = Debug|ARM64
		Debug|x64 = Debug|x64
		Debug|x86 = Debug|x86
		Release|Any CPU = Release|Any CPU
		Release|ARM64 = Release|ARM64
		Release|x64 = Release|x64
		Release|x86 = Release|x86
	EndGlobalSection
	GlobalSection(ProjectConfigurationPlatforms) = postSolution
		{1035A230-3923-494E-A01A-C41670922EE9}.Debug|Any CPU.ActiveCfg = Debug|Any CPU
		{1035A230-3923-494E-A01A-C41670922EE9}.Debug|Any CPU.Build.0 = Debug|Any CPU
		{1035A230-3923-494E-A01A-C41670922EE9}.Debug|ARM64.ActiveCfg = Debug|Any CPU
		{1035A230-3923-494E-A01A-C41670922EE9}.Debug|ARM64.Build.0 = Debug|Any CPU
		{1035A230-3923-494E-A01A-C41670922EE9}.Debug|x64.ActiveCfg = Debug|Any CPU
		{1035A230-3923-494E-A01A-C41670922EE9}.Debug|x64.Build.0 = Debug|Any CPU
		{1035A230-3923-494E-A01A-C41670922EE9}.Debug|x86.ActiveCfg = Debug|Any CPU
		{1035A230-3923-494E-A01A-C41670922EE9}.Debug|x86.Build.0 = Debug|Any CPU
		{1035A230-3923-494E-A01A-C41670922EE9}.Release|Any CPU.ActiveCfg = Release|Any CPU
		{1035A230-3923-494E-A01A-C41670922EE9}.Release|Any CPU.Build.0 = Release|Any CPU
		{1035A230-3923-494E-A01A-C41670922EE9}.Release|ARM64.ActiveCfg = Release|Any CPU
		{1035A230-3923-494E-A01A-C41670922EE9}.Release|ARM64.Build.0 = Release|Any CPU
		{1035A230-3923-494E-A01A-C41670922EE9}.Release|x64.ActiveCfg = Release|Any CPU
		{1035A230-3923-494E-A01A-C41670922EE9}.Release|x64.Build.0 = Release|Any CPU
		{1035A230-3923-494E-A01A-C41670922EE9}.Release|x86.ActiveCfg = Release|Any CPU
		{1035A230-3923-494E-A01A-C41670922EE9}.Release|x86.Build.0 = Release|Any CPU
		{8313B3C5-6FF8-449E-B3DE-6304BAACD62C}.Debug|Any CPU.ActiveCfg = Debug|Any CPU
		{8313B3C5-6FF8-449E-B3DE-6304BAACD62C}.Debug|Any CPU.Build.0 = Debug|Any CPU
		{8313B3C5-6FF8-449E-B3DE-6304BAACD62C}.Debug|ARM64.ActiveCfg = Debug|Any CPU
		{8313B3C5-6FF8-449E-B3DE-6304BAACD62C}.Debug|ARM64.Build.0 = Debug|Any CPU
		{8313B3C5-6FF8-449E-B3DE-6304BAACD62C}.Debug|x64.ActiveCfg = Debug|Any CPU
		{8313B3C5-6FF8-449E-B3DE-6304BAACD62C}.Debug|x64.Build.0 = Debug|Any CPU
		{8313B3C5-6FF8-449E-B3DE-6304BAACD62C}.Debug|x86.ActiveCfg = Debug|Any CPU
		{8313B3C5-6FF8-449E-B3DE-6304BAACD62C}.Debug|x86.Build.0 = Debug|Any CPU
		{8313B3C5-6FF8-449E-B3DE-6304BAACD62C}.Release|Any CPU.ActiveCfg = Release|Any CPU
		{8313B3C5-6FF8-449E-B3DE-6304BAACD62C}.Release|Any CPU.Build.0 = Release|Any CPU
		{8313B3C5-6FF8-449E-B3DE-6304BAACD62C}.Release|ARM64.ActiveCfg = Release|Any CPU
		{8313B3C5-6FF8-449E-B3DE-6304BAACD62C}.Release|ARM64.Build.0 = Release|Any CPU
		{8313B3C5-6FF8-449E-B3DE-6304BAACD62C}.Release|x64.ActiveCfg = Release|Any CPU
		{8313B3C5-6FF8-449E-B3DE-6304BAACD62C}.Release|x64.Build.0 = Release|Any CPU
		{8313B3C5-6FF8-449E-B3DE-6304BAACD62C}.Release|x86.ActiveCfg = Release|Any CPU
		{8313B3C5-6FF8-449E-B3DE-6304BAACD62C}.Release|x86.Build.0 = Release|Any CPU
		{FF4D804A-C032-4E93-92A0-14580AA7D0CE}.Debug|Any CPU.ActiveCfg = Debug|Any CPU
		{FF4D804A-C032-4E93-92A0-14580AA7D0CE}.Debug|Any CPU.Build.0 = Debug|Any CPU
		{FF4D804A-C032-4E93-92A0-14580AA7D0CE}.Debug|ARM64.ActiveCfg = Debug|Any CPU
		{FF4D804A-C032-4E93-92A0-14580AA7D0CE}.Debug|ARM64.Build.0 = Debug|Any CPU
		{FF4D804A-C032-4E93-92A0-14580AA7D0CE}.Debug|x64.ActiveCfg = Debug|Any CPU
		{FF4D804A-C032-4E93-92A0-14580AA7D0CE}.Debug|x64.Build.0 = Debug|Any CPU
		{FF4D804A-C032-4E93-92A0-14580AA7D0CE}.Debug|x86.ActiveCfg = Debug|Any CPU
		{FF4D804A-C032-4E93-92A0-14580AA7D0CE}.Debug|x86.Build.0 = Debug|Any CPU
		{FF4D804A-C032-4E93-92A0-14580AA7D0CE}.Release|Any CPU.ActiveCfg = Release|Any CPU
		{FF4D804A-C032-4E93-92A0-14580AA7D0CE}.Release|Any CPU.Build.0 = Release|Any CPU
		{FF4D804A-C032-4E93-92A0-14580AA7D0CE}.Release|ARM64.ActiveCfg = Release|Any CPU
		{FF4D804A-C032-4E93-92A0-14580AA7D0CE}.Release|ARM64.Build.0 = Release|Any CPU
		{FF4D804A-C032-4E93-92A0-14580AA7D0CE}.Release|x64.ActiveCfg = Release|Any CPU
		{FF4D804A-C032-4E93-92A0-14580AA7D0CE}.Release|x64.Build.0 = Release|Any CPU
		{FF4D804A-C032-4E93-92A0-14580AA7D0CE}.Release|x86.ActiveCfg = Release|Any CPU
		{FF4D804A-C032-4E93-92A0-14580AA7D0CE}.Release|x86.Build.0 = Release|Any CPU
		{7A787CA3-E960-4FC2-8703-D0E0031EED46}.Debug|Any CPU.ActiveCfg = Debug|Any CPU
		{7A787CA3-E960-4FC2-8703-D0E0031EED46}.Debug|Any CPU.Build.0 = Debug|Any CPU
		{7A787CA3-E960-4FC2-8703-D0E0031EED46}.Debug|ARM64.ActiveCfg = Debug|Any CPU
		{7A787CA3-E960-4FC2-8703-D0E0031EED46}.Debug|ARM64.Build.0 = Debug|Any CPU
		{7A787CA3-E960-4FC2-8703-D0E0031EED46}.Debug|x64.ActiveCfg = Debug|Any CPU
		{7A787CA3-E960-4FC2-8703-D0E0031EED46}.Debug|x64.Build.0 = Debug|Any CPU
		{7A787CA3-E960-4FC2-8703-D0E0031EED46}.Debug|x86.ActiveCfg = Debug|Any CPU
		{7A787CA3-E960-4FC2-8703-D0E0031EED46}.Debug|x86.Build.0 = Debug|Any CPU
		{7A787CA3-E960-4FC2-8703-D0E0031EED46}.Release|Any CPU.ActiveCfg = Release|Any CPU
		{7A787CA3-E960-4FC2-8703-D0E0031EED46}.Release|Any CPU.Build.0 = Release|Any CPU
		{7A787CA3-E960-4FC2-8703-D0E0031EED46}.Release|ARM64.ActiveCfg = Release|Any CPU
		{7A787CA3-E960-4FC2-8703-D0E0031EED46}.Release|ARM64.Build.0 = Release|Any CPU
		{7A787CA3-E960-4FC2-8703-D0E0031EED46}.Release|x64.ActiveCfg = Release|Any CPU
		{7A787CA3-E960-4FC2-8703-D0E0031EED46}.Release|x64.Build.0 = Release|Any CPU
		{7A787CA3-E960-4FC2-8703-D0E0031EED46}.Release|x86.ActiveCfg = Release|Any CPU
		{7A787CA3-E960-4FC2-8703-D0E0031EED46}.Release|x86.Build.0 = Release|Any CPU
		{5DB426BF-24B5-4E04-A593-A803FE5DC304}.Debug|Any CPU.ActiveCfg = Debug|Any CPU
		{5DB426BF-24B5-4E04-A593-A803FE5DC304}.Debug|Any CPU.Build.0 = Debug|Any CPU
		{5DB426BF-24B5-4E04-A593-A803FE5DC304}.Debug|ARM64.ActiveCfg = Debug|Any CPU
		{5DB426BF-24B5-4E04-A593-A803FE5DC304}.Debug|ARM64.Build.0 = Debug|Any CPU
		{5DB426BF-24B5-4E04-A593-A803FE5DC304}.Debug|x64.ActiveCfg = Debug|Any CPU
		{5DB426BF-24B5-4E04-A593-A803FE5DC304}.Debug|x64.Build.0 = Debug|Any CPU
		{5DB426BF-24B5-4E04-A593-A803FE5DC304}.Debug|x86.ActiveCfg = Debug|Any CPU
		{5DB426BF-24B5-4E04-A593-A803FE5DC304}.Debug|x86.Build.0 = Debug|Any CPU
		{5DB426BF-24B5-4E04-A593-A803FE5DC304}.Release|Any CPU.ActiveCfg = Release|Any CPU
		{5DB426BF-24B5-4E04-A593-A803FE5DC304}.Release|Any CPU.Build.0 = Release|Any CPU
		{5DB426BF-24B5-4E04-A593-A803FE5DC304}.Release|ARM64.ActiveCfg = Release|Any CPU
		{5DB426BF-24B5-4E04-A593-A803FE5DC304}.Release|ARM64.Build.0 = Release|Any CPU
		{5DB426BF-24B5-4E04-A593-A803FE5DC304}.Release|x64.ActiveCfg = Release|Any CPU
		{5DB426BF-24B5-4E04-A593-A803FE5DC304}.Release|x64.Build.0 = Release|Any CPU
		{5DB426BF-24B5-4E04-A593-A803FE5DC304}.Release|x86.ActiveCfg = Release|Any CPU
		{5DB426BF-24B5-4E04-A593-A803FE5DC304}.Release|x86.Build.0 = Release|Any CPU
		{1367919E-184E-4550-B8BB-ECB37C056594}.Debug|Any CPU.ActiveCfg = Debug|Any CPU
		{1367919E-184E-4550-B8BB-ECB37C056594}.Debug|Any CPU.Build.0 = Debug|Any CPU
		{1367919E-184E-4550-B8BB-ECB37C056594}.Debug|ARM64.ActiveCfg = Debug|Any CPU
		{1367919E-184E-4550-B8BB-ECB37C056594}.Debug|ARM64.Build.0 = Debug|Any CPU
		{1367919E-184E-4550-B8BB-ECB37C056594}.Debug|x64.ActiveCfg = Debug|Any CPU
		{1367919E-184E-4550-B8BB-ECB37C056594}.Debug|x64.Build.0 = Debug|Any CPU
		{1367919E-184E-4550-B8BB-ECB37C056594}.Debug|x86.ActiveCfg = Debug|Any CPU
		{1367919E-184E-4550-B8BB-ECB37C056594}.Debug|x86.Build.0 = Debug|Any CPU
		{1367919E-184E-4550-B8BB-ECB37C056594}.Release|Any CPU.ActiveCfg = Release|Any CPU
		{1367919E-184E-4550-B8BB-ECB37C056594}.Release|Any CPU.Build.0 = Release|Any CPU
		{1367919E-184E-4550-B8BB-ECB37C056594}.Release|ARM64.ActiveCfg = Release|Any CPU
		{1367919E-184E-4550-B8BB-ECB37C056594}.Release|ARM64.Build.0 = Release|Any CPU
		{1367919E-184E-4550-B8BB-ECB37C056594}.Release|x64.ActiveCfg = Release|Any CPU
		{1367919E-184E-4550-B8BB-ECB37C056594}.Release|x64.Build.0 = Release|Any CPU
		{1367919E-184E-4550-B8BB-ECB37C056594}.Release|x86.ActiveCfg = Release|Any CPU
		{1367919E-184E-4550-B8BB-ECB37C056594}.Release|x86.Build.0 = Release|Any CPU
		{A3BB6C79-4D8F-4515-92B5-F169F929AF94}.Debug|Any CPU.ActiveCfg = Debug|Any CPU
		{A3BB6C79-4D8F-4515-92B5-F169F929AF94}.Debug|Any CPU.Build.0 = Debug|Any CPU
		{A3BB6C79-4D8F-4515-92B5-F169F929AF94}.Debug|ARM64.ActiveCfg = Debug|Any CPU
		{A3BB6C79-4D8F-4515-92B5-F169F929AF94}.Debug|ARM64.Build.0 = Debug|Any CPU
		{A3BB6C79-4D8F-4515-92B5-F169F929AF94}.Debug|x64.ActiveCfg = Debug|Any CPU
		{A3BB6C79-4D8F-4515-92B5-F169F929AF94}.Debug|x64.Build.0 = Debug|Any CPU
		{A3BB6C79-4D8F-4515-92B5-F169F929AF94}.Debug|x86.ActiveCfg = Debug|Any CPU
		{A3BB6C79-4D8F-4515-92B5-F169F929AF94}.Debug|x86.Build.0 = Debug|Any CPU
		{A3BB6C79-4D8F-4515-92B5-F169F929AF94}.Release|Any CPU.ActiveCfg = Release|Any CPU
		{A3BB6C79-4D8F-4515-92B5-F169F929AF94}.Release|Any CPU.Build.0 = Release|Any CPU
		{A3BB6C79-4D8F-4515-92B5-F169F929AF94}.Release|ARM64.ActiveCfg = Release|Any CPU
		{A3BB6C79-4D8F-4515-92B5-F169F929AF94}.Release|ARM64.Build.0 = Release|Any CPU
		{A3BB6C79-4D8F-4515-92B5-F169F929AF94}.Release|x64.ActiveCfg = Release|Any CPU
		{A3BB6C79-4D8F-4515-92B5-F169F929AF94}.Release|x64.Build.0 = Release|Any CPU
		{A3BB6C79-4D8F-4515-92B5-F169F929AF94}.Release|x86.ActiveCfg = Release|Any CPU
		{A3BB6C79-4D8F-4515-92B5-F169F929AF94}.Release|x86.Build.0 = Release|Any CPU
		{534679A3-D29B-4D63-882B-C09F4D0EA8CB}.Debug|Any CPU.ActiveCfg = Debug|x64
		{534679A3-D29B-4D63-882B-C09F4D0EA8CB}.Debug|ARM64.ActiveCfg = Debug|ARM64
		{534679A3-D29B-4D63-882B-C09F4D0EA8CB}.Debug|ARM64.Build.0 = Debug|ARM64
		{534679A3-D29B-4D63-882B-C09F4D0EA8CB}.Debug|x64.ActiveCfg = Debug|x64
		{534679A3-D29B-4D63-882B-C09F4D0EA8CB}.Debug|x64.Build.0 = Debug|x64
		{534679A3-D29B-4D63-882B-C09F4D0EA8CB}.Debug|x86.ActiveCfg = Debug|x86
		{534679A3-D29B-4D63-882B-C09F4D0EA8CB}.Debug|x86.Build.0 = Debug|x86
		{534679A3-D29B-4D63-882B-C09F4D0EA8CB}.Release|Any CPU.ActiveCfg = Release|x64
		{534679A3-D29B-4D63-882B-C09F4D0EA8CB}.Release|ARM64.ActiveCfg = Release|ARM64
		{534679A3-D29B-4D63-882B-C09F4D0EA8CB}.Release|ARM64.Build.0 = Release|ARM64
		{534679A3-D29B-4D63-882B-C09F4D0EA8CB}.Release|x64.ActiveCfg = Release|x64
		{534679A3-D29B-4D63-882B-C09F4D0EA8CB}.Release|x64.Build.0 = Release|x64
		{534679A3-D29B-4D63-882B-C09F4D0EA8CB}.Release|x86.ActiveCfg = Release|x86
		{534679A3-D29B-4D63-882B-C09F4D0EA8CB}.Release|x86.Build.0 = Release|x86
	EndGlobalSection
	GlobalSection(SolutionProperties) = preSolution
		HideSolutionNode = FALSE
	EndGlobalSection
	GlobalSection(NestedProjects) = preSolution
		{1367919E-184E-4550-B8BB-ECB37C056594} = {CF17A395-4536-42A5-B10B-D2D8EC602BC3}
		{A3BB6C79-4D8F-4515-92B5-F169F929AF94} = {CF17A395-4536-42A5-B10B-D2D8EC602BC3}
		{534679A3-D29B-4D63-882B-C09F4D0EA8CB} = {069FD2C8-3AFB-4D61-A19A-3257331FC223}
	EndGlobalSection
	GlobalSection(ExtensibilityGlobals) = postSolution
		SolutionGuid = {87997352-098C-46F7-8BDC-29A370A780DB}
	EndGlobalSection
EndGlobal
